<?xml version="1.0" encoding="utf-8"?>
<Project ToolsVersion="4.0" xmlns="http://schemas.microsoft.com/developer/msbuild/2003">
  <ItemGroup>
    <Filter Include="Source Files">
      <UniqueIdentifier>{4FC737F1-C7A5-4376-A066-2A32D752A2FF}</UniqueIdentifier>
      <Extensions>cpp;c;cc;cxx;def;odl;idl;hpj;bat;asm;asmx</Extensions>
    </Filter>
    <Filter Include="Header Files">
      <UniqueIdentifier>{93995380-89BD-4b04-88EB-625FBE52EBFB}</UniqueIdentifier>
      <Extensions>h;hh;hpp;hxx;hm;inl;inc;xsd</Extensions>
    </Filter>
    <Filter Include="Resource Files">
      <UniqueIdentifier>{67DA6AB6-F800-4c08-8B7A-83BB121AAD01}</UniqueIdentifier>
      <Extensions>rc;ico;cur;bmp;dlg;rc2;rct;bin;rgs;gif;jpg;jpeg;jpe;resx;tiff;tif;png;wav;mfcribbon-ms</Extensions>
    </Filter>
    <Filter Include="Header Files\core">
      <UniqueIdentifier>{fd6ca959-a063-4ba9-920b-2b312fee0581}</UniqueIdentifier>
    </Filter>
    <Filter Include="Source Files\core">
      <UniqueIdentifier>{722a9c6f-a260-4de8-a403-8e83e50007d2}</UniqueIdentifier>
    </Filter>
    <Filter Include="Header Files\core\window">
      <UniqueIdentifier>{dfe5caeb-5d07-4764-89b8-301a5fca9974}</UniqueIdentifier>
    </Filter>
    <Filter Include="Source Files\core\window">
      <UniqueIdentifier>{2fcb931f-469d-46fb-a37a-47f277109e9a}</UniqueIdentifier>
    </Filter>
    <Filter Include="Header Files\core\window\visitor">
      <UniqueIdentifier>{1f523a0b-041b-4918-a13b-4eb6a48ac487}</UniqueIdentifier>
    </Filter>
    <Filter Include="Source Files\core\window\visitor">
      <UniqueIdentifier>{3754cfaa-ebf0-4160-90ec-c835b6c873b2}</UniqueIdentifier>
    </Filter>
    <Filter Include="Header Files\core\utils">
      <UniqueIdentifier>{4679d6cb-9fd5-4093-b1b9-0a7fda7de8f8}</UniqueIdentifier>
    </Filter>
    <Filter Include="Source Files\core\utils">
      <UniqueIdentifier>{2f5492e8-cd37-42ee-8f43-530b5b32ed5f}</UniqueIdentifier>
    </Filter>
    <Filter Include="Source Files\core\input">
      <UniqueIdentifier>{3b467bd3-fd24-41a1-b765-0286289201cc}</UniqueIdentifier>
    </Filter>
    <Filter Include="Header Files\core\input">
      <UniqueIdentifier>{d76a5b98-fcc1-4be1-9d69-5c30d32b8cc4}</UniqueIdentifier>
    </Filter>
    <Filter Include="Header Files\core\ogl">
      <UniqueIdentifier>{07043058-b250-45ae-891f-c9a4f8c497b2}</UniqueIdentifier>
    </Filter>
    <Filter Include="Source Files\core\ogl">
      <UniqueIdentifier>{c1801ba3-f53e-4e6b-887e-bd86d97e7f1c}</UniqueIdentifier>
    </Filter>
    <Filter Include="Header Files\core\ogl\renderer">
      <UniqueIdentifier>{53176d8d-24ec-4acc-82e4-3dc5257d495c}</UniqueIdentifier>
    </Filter>
    <Filter Include="Source Files\core\ogl\renderer">
      <UniqueIdentifier>{00d245ff-0375-48d0-aa17-f36e567e8318}</UniqueIdentifier>
    </Filter>
    <Filter Include="Header Files\core\ogl\resources">
      <UniqueIdentifier>{ceba134a-9215-4d73-be9b-458246eb066d}</UniqueIdentifier>
    </Filter>
    <Filter Include="Source Files\core\ogl\resources">
      <UniqueIdentifier>{f4556660-f1ab-4d67-934f-b1fdc19664be}</UniqueIdentifier>
    </Filter>
    <Filter Include="Header Files\core\utils\loader">
      <UniqueIdentifier>{eb6ab6f2-d91e-4081-b42a-0c31c5e98e59}</UniqueIdentifier>
    </Filter>
    <Filter Include="Source Files\core\utils\loader">
      <UniqueIdentifier>{9f85b83b-6ac5-48e3-b01e-7436e396768c}</UniqueIdentifier>
    </Filter>
    <Filter Include="Source Files\core\ogl\buffers">
      <UniqueIdentifier>{fd8c4ae5-90db-4af2-96d1-da218c58f0e9}</UniqueIdentifier>
    </Filter>
    <Filter Include="Header Files\core\ogl\buffers">
      <UniqueIdentifier>{318fb350-c17b-4189-a18b-339f210eb85a}</UniqueIdentifier>
    </Filter>
    <Filter Include="Header Files\core\utils\generator">
      <UniqueIdentifier>{7a6402f4-6fe2-4dab-b0fe-413f52d094c5}</UniqueIdentifier>
    </Filter>
    <Filter Include="Source Files\core\utils\generator">
      <UniqueIdentifier>{938e3d31-ae7a-4c35-ae60-44f09ac584e8}</UniqueIdentifier>
    </Filter>
    <Filter Include="Header Files\core\utils\builder">
      <UniqueIdentifier>{2dbfc664-95bf-4334-be97-d0e50e3aedf1}</UniqueIdentifier>
    </Filter>
    <Filter Include="Source Files\core\utils\builder">
      <UniqueIdentifier>{6b03df9c-4c9d-4587-be48-fc9355767ca7}</UniqueIdentifier>
    </Filter>
    <Filter Include="Header Files\core\ogl\model">
      <UniqueIdentifier>{42da4cf5-7f95-4626-b688-6848ee6f1a75}</UniqueIdentifier>
    </Filter>
    <Filter Include="Source Files\core\ogl\model">
      <UniqueIdentifier>{a8a0797a-ca2f-4f57-9330-7acca7a4b2ef}</UniqueIdentifier>
    </Filter>
  </ItemGroup>
  <ItemGroup>
    <ClCompile Include="main.cpp">
      <Filter>Source Files</Filter>
    </ClCompile>
    <ClCompile Include="stdafx.cpp">
      <Filter>Source Files</Filter>
    </ClCompile>
    <ClCompile Include="Window.cpp">
      <Filter>Source Files\core\window</Filter>
    </ClCompile>
    <ClCompile Include="WindowSizeVisitor.cpp">
      <Filter>Source Files\core\window\visitor</Filter>
    </ClCompile>
    <ClCompile Include="Log.cpp">
      <Filter>Source Files\core\utils</Filter>
    </ClCompile>
    <ClCompile Include="EventCatcher.cpp">
      <Filter>Source Files\core\input</Filter>
    </ClCompile>
    <ClCompile Include="Command.cpp">
      <Filter>Source Files\core\input</Filter>
    </ClCompile>
    <ClCompile Include="KeyboardInput.cpp">
      <Filter>Source Files\core\input</Filter>
    </ClCompile>
    <ClCompile Include="GLContext.cpp">
      <Filter>Source Files\core\ogl</Filter>
    </ClCompile>
    <ClCompile Include="Renderer.cpp">
      <Filter>Source Files\core\ogl\renderer</Filter>
    </ClCompile>
    <ClCompile Include="Shader.cpp">
      <Filter>Source Files\core\ogl\resources</Filter>
    </ClCompile>
    <ClCompile Include="ShaderLoader.cpp">
      <Filter>Source Files\core\utils\loader</Filter>
    </ClCompile>
    <ClCompile Include="Texture.cpp">
      <Filter>Source Files\core\ogl\resources</Filter>
    </ClCompile>
    <ClCompile Include="TextureLoader.cpp">
      <Filter>Source Files\core\utils\loader</Filter>
    </ClCompile>
    <ClCompile Include="IndexBufferObject.cpp">
      <Filter>Source Files\core\ogl\buffers</Filter>
    </ClCompile>
    <ClCompile Include="VertexArrayObject.cpp">
      <Filter>Source Files\core\ogl\buffers</Filter>
    </ClCompile>
    <ClCompile Include="VertexBufferObject.cpp">
      <Filter>Source Files\core\ogl\buffers</Filter>
    </ClCompile>
    <ClCompile Include="VertexBufferObjectGenerator.cpp">
      <Filter>Source Files\core\utils\generator</Filter>
    </ClCompile>
    <ClCompile Include="IndexBufferObjectGenerator.cpp">
      <Filter>Source Files\core\utils\generator</Filter>
    </ClCompile>
    <ClCompile Include="VertexArrayObjectBuilder.cpp">
      <Filter>Source Files\core\utils\builder</Filter>
    </ClCompile>
    <ClCompile Include="Model2D.cpp">
      <Filter>Source Files\core\ogl\model</Filter>
    </ClCompile>
    <ClCompile Include="Drawable.cpp">
      <Filter>Source Files\core\ogl\model</Filter>
    </ClCompile>
    <ClCompile Include="GLContextLibrary.cpp">
      <Filter>Source Files\core\ogl</Filter>
    </ClCompile>
  </ItemGroup>
  <ItemGroup>
    <ClInclude Include="stdafx.h">
      <Filter>Header Files</Filter>
    </ClInclude>
    <ClInclude Include="Window.h">
      <Filter>Header Files\core\window</Filter>
    </ClInclude>
    <ClInclude Include="Defs.h">
      <Filter>Header Files\core</Filter>
    </ClInclude>
    <ClInclude Include="WindowVisitor.h">
      <Filter>Header Files\core\window\visitor</Filter>
    </ClInclude>
    <ClInclude Include="WindowSizeVisitor.h">
      <Filter>Header Files\core\window\visitor</Filter>
    </ClInclude>
    <ClInclude Include="Log.h">
      <Filter>Header Files\core\utils</Filter>
    </ClInclude>
    <ClInclude Include="EventCatcher.h">
      <Filter>Header Files\core\input</Filter>
    </ClInclude>
    <ClInclude Include="Command.h">
      <Filter>Header Files\core\input</Filter>
    </ClInclude>
    <ClInclude Include="KeyboardInput.h">
      <Filter>Header Files\core\input</Filter>
    </ClInclude>
    <ClInclude Include="GLContext.h">
      <Filter>Header Files\core\ogl</Filter>
    </ClInclude>
    <ClInclude Include="Renderer.h">
      <Filter>Header Files\core\ogl\renderer</Filter>
    </ClInclude>
    <ClInclude Include="Shader.h">
      <Filter>Header Files\core\ogl\resources</Filter>
    </ClInclude>
    <ClInclude Include="Loader.h">
      <Filter>Header Files\core\utils\loader</Filter>
    </ClInclude>
    <ClInclude Include="ShaderLoader.h">
      <Filter>Header Files\core\utils\loader</Filter>
    </ClInclude>
    <ClInclude Include="Texture.h">
      <Filter>Header Files\core\ogl\resources</Filter>
    </ClInclude>
    <ClInclude Include="TextureLoader.h">
      <Filter>Header Files\core\utils\loader</Filter>
    </ClInclude>
    <ClInclude Include="VertexBufferObject.h">
      <Filter>Header Files\core\ogl\buffers</Filter>
    </ClInclude>
    <ClInclude Include="IndexBufferObject.h">
      <Filter>Header Files\core\ogl\buffers</Filter>
    </ClInclude>
    <ClInclude Include="VertexArrayObject.h">
      <Filter>Header Files\core\ogl\buffers</Filter>
    </ClInclude>
    <ClInclude Include="Generator.h">
      <Filter>Header Files\core\utils\generator</Filter>
    </ClInclude>
    <ClInclude Include="VertexBufferObjectGenerator.h">
      <Filter>Header Files\core\utils\generator</Filter>
    </ClInclude>
    <ClInclude Include="IndexBufferObjectGenerator.h">
      <Filter>Header Files\core\utils\generator</Filter>
    </ClInclude>
    <ClInclude Include="VertexArrayObjectBuilder.h">
      <Filter>Header Files\core\utils\builder</Filter>
    </ClInclude>
    <ClInclude Include="Model2D.h">
      <Filter>Header Files\core\ogl\model</Filter>
    </ClInclude>
    <ClInclude Include="Drawable.h">
      <Filter>Header Files\core\ogl\model</Filter>
    </ClInclude>
    <ClInclude Include="GLContextLibrary.h">
      <Filter>Header Files\core\ogl</Filter>
    </ClInclude>
  </ItemGroup>
</Project>